// !$*UTF8*$!
{
	archiveVersion = 1;
	classes = {
	};
	objectVersion = 55;
	objects = {

/* Begin PBXBuildFile section */
		9A2FB63D277DCC6100BB2885 /* MotionAnimationView.swift in Sources */ = {isa = PBXBuildFile; fileRef = 9A2FB63C277DCC6100BB2885 /* MotionAnimationView.swift */; };
		9AA8260E277FAC85001EE70E /* AnimalGridItemView.swift in Sources */ = {isa = PBXBuildFile; fileRef = 9AA8260D277FAC85001EE70E /* AnimalGridItemView.swift */; };
		9AC1625D277CA3420054E931 /* AfricaApp.swift in Sources */ = {isa = PBXBuildFile; fileRef = 9AC1625C277CA3420054E931 /* AfricaApp.swift */; };
		9AC1625F277CA3420054E931 /* ContentView.swift in Sources */ = {isa = PBXBuildFile; fileRef = 9AC1625E277CA3420054E931 /* ContentView.swift */; };
		9AC16261277CA3440054E931 /* Assets.xcassets in Resources */ = {isa = PBXBuildFile; fileRef = 9AC16260277CA3440054E931 /* Assets.xcassets */; };
		9AC16264277CA3440054E931 /* Preview Assets.xcassets in Resources */ = {isa = PBXBuildFile; fileRef = 9AC16263277CA3440054E931 /* Preview Assets.xcassets */; };
		9AC16275277CA53D0054E931 /* rhino.mp4 in Resources */ = {isa = PBXBuildFile; fileRef = 9AC1626B277CA53B0054E931 /* rhino.mp4 */; };
		9AC16276277CA53D0054E931 /* elephant.mp4 in Resources */ = {isa = PBXBuildFile; fileRef = 9AC1626C277CA53B0054E931 /* elephant.mp4 */; };
		9AC16277277CA53D0054E931 /* hippo.mp4 in Resources */ = {isa = PBXBuildFile; fileRef = 9AC1626D277CA53C0054E931 /* hippo.mp4 */; };
		9AC16278277CA53D0054E931 /* giraffe.mp4 in Resources */ = {isa = PBXBuildFile; fileRef = 9AC1626E277CA53C0054E931 /* giraffe.mp4 */; };
		9AC16279277CA53D0054E931 /* zebra.mp4 in Resources */ = {isa = PBXBuildFile; fileRef = 9AC1626F277CA53C0054E931 /* zebra.mp4 */; };
		9AC1627A277CA53D0054E931 /* lion.mp4 in Resources */ = {isa = PBXBuildFile; fileRef = 9AC16270277CA53C0054E931 /* lion.mp4 */; };
		9AC1627B277CA53D0054E931 /* gorilla.mp4 in Resources */ = {isa = PBXBuildFile; fileRef = 9AC16271277CA53C0054E931 /* gorilla.mp4 */; };
		9AC1627C277CA53D0054E931 /* lioness.mp4 in Resources */ = {isa = PBXBuildFile; fileRef = 9AC16272277CA53C0054E931 /* lioness.mp4 */; };
		9AC1627D277CA53D0054E931 /* ostrich.mp4 in Resources */ = {isa = PBXBuildFile; fileRef = 9AC16273277CA53D0054E931 /* ostrich.mp4 */; };
		9AC1627E277CA53D0054E931 /* cheetah.mp4 in Resources */ = {isa = PBXBuildFile; fileRef = 9AC16274277CA53D0054E931 /* cheetah.mp4 */; };
		9AC16284277CA5760054E931 /* locations.json in Resources */ = {isa = PBXBuildFile; fileRef = 9AC16280277CA5760054E931 /* locations.json */; };
		9AC16285277CA5760054E931 /* videos.json in Resources */ = {isa = PBXBuildFile; fileRef = 9AC16281277CA5760054E931 /* videos.json */; };
		9AC16286277CA5760054E931 /* animals.json in Resources */ = {isa = PBXBuildFile; fileRef = 9AC16282277CA5760054E931 /* animals.json */; };
		9AC16287277CA5760054E931 /* covers.json in Resources */ = {isa = PBXBuildFile; fileRef = 9AC16283277CA5760054E931 /* covers.json */; };
		9AC1628B277CA6C00054E931 /* VideoListView.swift in Sources */ = {isa = PBXBuildFile; fileRef = 9AC1628A277CA6C00054E931 /* VideoListView.swift */; };
		9AC1628D277CA6CE0054E931 /* MapView.swift in Sources */ = {isa = PBXBuildFile; fileRef = 9AC1628C277CA6CE0054E931 /* MapView.swift */; };
		9AC1628F277CA6DB0054E931 /* GalleryView.swift in Sources */ = {isa = PBXBuildFile; fileRef = 9AC1628E277CA6DB0054E931 /* GalleryView.swift */; };
		9AC16291277CA6E50054E931 /* MainView.swift in Sources */ = {isa = PBXBuildFile; fileRef = 9AC16290277CA6E50054E931 /* MainView.swift */; };
		9AC16294277CA8280054E931 /* CoverImageView.swift in Sources */ = {isa = PBXBuildFile; fileRef = 9AC16293277CA8280054E931 /* CoverImageView.swift */; };
		9AC16297277CA9D40054E931 /* CoverImageModel.swift in Sources */ = {isa = PBXBuildFile; fileRef = 9AC16296277CA9D40054E931 /* CoverImageModel.swift */; };
		9AC1629A277CAB510054E931 /* CodableBundleExtension.swift in Sources */ = {isa = PBXBuildFile; fileRef = 9AC16299277CAB510054E931 /* CodableBundleExtension.swift */; };
		9AC1629C277CAE480054E931 /* AnimalListItemView.swift in Sources */ = {isa = PBXBuildFile; fileRef = 9AC1629B277CAE480054E931 /* AnimalListItemView.swift */; };
		9AC1629E277CAF140054E931 /* AnimalModel.swift in Sources */ = {isa = PBXBuildFile; fileRef = 9AC1629D277CAF140054E931 /* AnimalModel.swift */; };
		9AC162A0277CB20F0054E931 /* AnimalDetailView.swift in Sources */ = {isa = PBXBuildFile; fileRef = 9AC1629F277CB20F0054E931 /* AnimalDetailView.swift */; };
		9AC162A2277CB3270054E931 /* HeadingView.swift in Sources */ = {isa = PBXBuildFile; fileRef = 9AC162A1277CB3270054E931 /* HeadingView.swift */; };
		9AC162A4277CB3C70054E931 /* InsetGalleryView.swift in Sources */ = {isa = PBXBuildFile; fileRef = 9AC162A3277CB3C70054E931 /* InsetGalleryView.swift */; };
		9AC162A6277CB57B0054E931 /* InsetFactView.swift in Sources */ = {isa = PBXBuildFile; fileRef = 9AC162A5277CB57B0054E931 /* InsetFactView.swift */; };
		9AC162A8277CB6B30054E931 /* InsetMapView.swift in Sources */ = {isa = PBXBuildFile; fileRef = 9AC162A7277CB6B30054E931 /* InsetMapView.swift */; };
		9AC162AA277CB8C70054E931 /* ExternalWeblinkView.swift in Sources */ = {isa = PBXBuildFile; fileRef = 9AC162A9277CB8C60054E931 /* ExternalWeblinkView.swift */; };
		9AC162AC277CCA710054E931 /* VideoModel.swift in Sources */ = {isa = PBXBuildFile; fileRef = 9AC162AB277CCA710054E931 /* VideoModel.swift */; };
		9AC162AE277CCAB40054E931 /* VideoListItemView.swift in Sources */ = {isa = PBXBuildFile; fileRef = 9AC162AD277CCAB40054E931 /* VideoListItemView.swift */; };
		9AC162B0277CCEB30054E931 /* VideoPlayerView.swift in Sources */ = {isa = PBXBuildFile; fileRef = 9AC162AF277CCEB30054E931 /* VideoPlayerView.swift */; };
		9AC162B3277CCF340054E931 /* VideoPlayerHelper.swift in Sources */ = {isa = PBXBuildFile; fileRef = 9AC162B2277CCF340054E931 /* VideoPlayerHelper.swift */; };
		9AC162B5277CD2F90054E931 /* LocationModel.swift in Sources */ = {isa = PBXBuildFile; fileRef = 9AC162B4277CD2F90054E931 /* LocationModel.swift */; };
		9AC162B7277CD54A0054E931 /* MapAnnotationView.swift in Sources */ = {isa = PBXBuildFile; fileRef = 9AC162B6277CD54A0054E931 /* MapAnnotationView.swift */; };
/* End PBXBuildFile section */

/* Begin PBXFileReference section */
		9A2FB63C277DCC6100BB2885 /* MotionAnimationView.swift */ = {isa = PBXFileReference; lastKnownFileType = sourcecode.swift; path = MotionAnimationView.swift; sourceTree = "<group>"; };
		9AA8260D277FAC85001EE70E /* AnimalGridItemView.swift */ = {isa = PBXFileReference; lastKnownFileType = sourcecode.swift; path = AnimalGridItemView.swift; sourceTree = "<group>"; };
		9AC16259277CA3420054E931 /* Africa.app */ = {isa = PBXFileReference; explicitFileType = wrapper.application; includeInIndex = 0; path = Africa.app; sourceTree = BUILT_PRODUCTS_DIR; };
		9AC1625C277CA3420054E931 /* AfricaApp.swift */ = {isa = PBXFileReference; lastKnownFileType = sourcecode.swift; path = AfricaApp.swift; sourceTree = "<group>"; };
		9AC1625E277CA3420054E931 /* ContentView.swift */ = {isa = PBXFileReference; lastKnownFileType = sourcecode.swift; path = ContentView.swift; sourceTree = "<group>"; };
		9AC16260277CA3440054E931 /* Assets.xcassets */ = {isa = PBXFileReference; lastKnownFileType = folder.assetcatalog; path = Assets.xcassets; sourceTree = "<group>"; };
		9AC16263277CA3440054E931 /* Preview Assets.xcassets */ = {isa = PBXFileReference; lastKnownFileType = folder.assetcatalog; path = "Preview Assets.xcassets"; sourceTree = "<group>"; };
		9AC1626B277CA53B0054E931 /* rhino.mp4 */ = {isa = PBXFileReference; lastKnownFileType = file; path = rhino.mp4; sourceTree = "<group>"; };
		9AC1626C277CA53B0054E931 /* elephant.mp4 */ = {isa = PBXFileReference; lastKnownFileType = file; path = elephant.mp4; sourceTree = "<group>"; };
		9AC1626D277CA53C0054E931 /* hippo.mp4 */ = {isa = PBXFileReference; lastKnownFileType = file; path = hippo.mp4; sourceTree = "<group>"; };
		9AC1626E277CA53C0054E931 /* giraffe.mp4 */ = {isa = PBXFileReference; lastKnownFileType = file; path = giraffe.mp4; sourceTree = "<group>"; };
		9AC1626F277CA53C0054E931 /* zebra.mp4 */ = {isa = PBXFileReference; lastKnownFileType = file; path = zebra.mp4; sourceTree = "<group>"; };
		9AC16270277CA53C0054E931 /* lion.mp4 */ = {isa = PBXFileReference; lastKnownFileType = file; path = lion.mp4; sourceTree = "<group>"; };
		9AC16271277CA53C0054E931 /* gorilla.mp4 */ = {isa = PBXFileReference; lastKnownFileType = file; path = gorilla.mp4; sourceTree = "<group>"; };
		9AC16272277CA53C0054E931 /* lioness.mp4 */ = {isa = PBXFileReference; lastKnownFileType = file; path = lioness.mp4; sourceTree = "<group>"; };
		9AC16273277CA53D0054E931 /* ostrich.mp4 */ = {isa = PBXFileReference; lastKnownFileType = file; path = ostrich.mp4; sourceTree = "<group>"; };
		9AC16274277CA53D0054E931 /* cheetah.mp4 */ = {isa = PBXFileReference; lastKnownFileType = file; path = cheetah.mp4; sourceTree = "<group>"; };
		9AC16280277CA5760054E931 /* locations.json */ = {isa = PBXFileReference; fileEncoding = 4; lastKnownFileType = text.json; path = locations.json; sourceTree = "<group>"; };
		9AC16281277CA5760054E931 /* videos.json */ = {isa = PBXFileReference; fileEncoding = 4; lastKnownFileType = text.json; path = videos.json; sourceTree = "<group>"; };
		9AC16282277CA5760054E931 /* animals.json */ = {isa = PBXFileReference; fileEncoding = 4; lastKnownFileType = text.json; path = animals.json; sourceTree = "<group>"; };
		9AC16283277CA5760054E931 /* covers.json */ = {isa = PBXFileReference; fileEncoding = 4; lastKnownFileType = text.json; path = covers.json; sourceTree = "<group>"; };
		9AC16288277CA6160054E931 /* Info.plist */ = {isa = PBXFileReference; lastKnownFileType = text.plist; path = Info.plist; sourceTree = "<group>"; };
		9AC1628A277CA6C00054E931 /* VideoListView.swift */ = {isa = PBXFileReference; lastKnownFileType = sourcecode.swift; path = VideoListView.swift; sourceTree = "<group>"; };
		9AC1628C277CA6CE0054E931 /* MapView.swift */ = {isa = PBXFileReference; lastKnownFileType = sourcecode.swift; path = MapView.swift; sourceTree = "<group>"; };
		9AC1628E277CA6DB0054E931 /* GalleryView.swift */ = {isa = PBXFileReference; lastKnownFileType = sourcecode.swift; path = GalleryView.swift; sourceTree = "<group>"; };
		9AC16290277CA6E50054E931 /* MainView.swift */ = {isa = PBXFileReference; lastKnownFileType = sourcecode.swift; path = MainView.swift; sourceTree = "<group>"; };
		9AC16293277CA8280054E931 /* CoverImageView.swift */ = {isa = PBXFileReference; lastKnownFileType = sourcecode.swift; path = CoverImageView.swift; sourceTree = "<group>"; };
		9AC16296277CA9D40054E931 /* CoverImageModel.swift */ = {isa = PBXFileReference; lastKnownFileType = sourcecode.swift; path = CoverImageModel.swift; sourceTree = "<group>"; };
		9AC16299277CAB510054E931 /* CodableBundleExtension.swift */ = {isa = PBXFileReference; lastKnownFileType = sourcecode.swift; path = CodableBundleExtension.swift; sourceTree = "<group>"; };
		9AC1629B277CAE480054E931 /* AnimalListItemView.swift */ = {isa = PBXFileReference; lastKnownFileType = sourcecode.swift; path = AnimalListItemView.swift; sourceTree = "<group>"; };
		9AC1629D277CAF140054E931 /* AnimalModel.swift */ = {isa = PBXFileReference; lastKnownFileType = sourcecode.swift; path = AnimalModel.swift; sourceTree = "<group>"; };
		9AC1629F277CB20F0054E931 /* AnimalDetailView.swift */ = {isa = PBXFileReference; lastKnownFileType = sourcecode.swift; path = AnimalDetailView.swift; sourceTree = "<group>"; };
		9AC162A1277CB3270054E931 /* HeadingView.swift */ = {isa = PBXFileReference; lastKnownFileType = sourcecode.swift; path = HeadingView.swift; sourceTree = "<group>"; };
		9AC162A3277CB3C70054E931 /* InsetGalleryView.swift */ = {isa = PBXFileReference; lastKnownFileType = sourcecode.swift; path = InsetGalleryView.swift; sourceTree = "<group>"; };
		9AC162A5277CB57B0054E931 /* InsetFactView.swift */ = {isa = PBXFileReference; lastKnownFileType = sourcecode.swift; path = InsetFactView.swift; sourceTree = "<group>"; };
		9AC162A7277CB6B30054E931 /* InsetMapView.swift */ = {isa = PBXFileReference; lastKnownFileType = sourcecode.swift; path = InsetMapView.swift; sourceTree = "<group>"; };
		9AC162A9277CB8C60054E931 /* ExternalWeblinkView.swift */ = {isa = PBXFileReference; lastKnownFileType = sourcecode.swift; path = ExternalWeblinkView.swift; sourceTree = "<group>"; };
		9AC162AB277CCA710054E931 /* VideoModel.swift */ = {isa = PBXFileReference; lastKnownFileType = sourcecode.swift; path = VideoModel.swift; sourceTree = "<group>"; };
		9AC162AD277CCAB40054E931 /* VideoListItemView.swift */ = {isa = PBXFileReference; lastKnownFileType = sourcecode.swift; path = VideoListItemView.swift; sourceTree = "<group>"; };
		9AC162AF277CCEB30054E931 /* VideoPlayerView.swift */ = {isa = PBXFileReference; lastKnownFileType = sourcecode.swift; path = VideoPlayerView.swift; sourceTree = "<group>"; };
		9AC162B2277CCF340054E931 /* VideoPlayerHelper.swift */ = {isa = PBXFileReference; lastKnownFileType = sourcecode.swift; path = VideoPlayerHelper.swift; sourceTree = "<group>"; };
		9AC162B4277CD2F90054E931 /* LocationModel.swift */ = {isa = PBXFileReference; lastKnownFileType = sourcecode.swift; path = LocationModel.swift; sourceTree = "<group>"; };
		9AC162B6277CD54A0054E931 /* MapAnnotationView.swift */ = {isa = PBXFileReference; lastKnownFileType = sourcecode.swift; path = MapAnnotationView.swift; sourceTree = "<group>"; };
/* End PBXFileReference section */

/* Begin PBXFrameworksBuildPhase section */
		9AC16256277CA3420054E931 /* Frameworks */ = {
			isa = PBXFrameworksBuildPhase;
			buildActionMask = 2147483647;
			files = (
			);
			runOnlyForDeploymentPostprocessing = 0;
		};
/* End PBXFrameworksBuildPhase section */

/* Begin PBXGroup section */
		9AC16250277CA3420054E931 = {
			isa = PBXGroup;
			children = (
				9AC1625B277CA3420054E931 /* Africa */,
				9AC1625A277CA3420054E931 /* Products */,
			);
			sourceTree = "<group>";
		};
		9AC1625A277CA3420054E931 /* Products */ = {
			isa = PBXGroup;
			children = (
				9AC16259277CA3420054E931 /* Africa.app */,
			);
			name = Products;
			sourceTree = "<group>";
		};
		9AC1625B277CA3420054E931 /* Africa */ = {
			isa = PBXGroup;
			children = (
				9AC162B1277CCF260054E931 /* Helper */,
				9AC16298277CAB410054E931 /* Extension */,
				9AC16295277CA9C30054E931 /* Model */,
				9AC16292277CA81C0054E931 /* View */,
				9AC16288277CA6160054E931 /* Info.plist */,
				9AC1627F277CA55A0054E931 /* Data */,
				9AC1626A277CA51B0054E931 /* Video */,
				9AC16289277CA68E0054E931 /* App */,
				9AC16260277CA3440054E931 /* Assets.xcassets */,
				9AC16262277CA3440054E931 /* Preview Content */,
			);
			path = Africa;
			sourceTree = "<group>";
		};
		9AC16262277CA3440054E931 /* Preview Content */ = {
			isa = PBXGroup;
			children = (
				9AC16263277CA3440054E931 /* Preview Assets.xcassets */,
			);
			path = "Preview Content";
			sourceTree = "<group>";
		};
		9AC1626A277CA51B0054E931 /* Video */ = {
			isa = PBXGroup;
			children = (
				9AC16274277CA53D0054E931 /* cheetah.mp4 */,
				9AC1626C277CA53B0054E931 /* elephant.mp4 */,
				9AC1626E277CA53C0054E931 /* giraffe.mp4 */,
				9AC16271277CA53C0054E931 /* gorilla.mp4 */,
				9AC1626D277CA53C0054E931 /* hippo.mp4 */,
				9AC16270277CA53C0054E931 /* lion.mp4 */,
				9AC16272277CA53C0054E931 /* lioness.mp4 */,
				9AC16273277CA53D0054E931 /* ostrich.mp4 */,
				9AC1626B277CA53B0054E931 /* rhino.mp4 */,
				9AC1626F277CA53C0054E931 /* zebra.mp4 */,
			);
			path = Video;
			sourceTree = "<group>";
		};
		9AC1627F277CA55A0054E931 /* Data */ = {
			isa = PBXGroup;
			children = (
				9AC16282277CA5760054E931 /* animals.json */,
				9AC16283277CA5760054E931 /* covers.json */,
				9AC16280277CA5760054E931 /* locations.json */,
				9AC16281277CA5760054E931 /* videos.json */,
			);
			path = Data;
			sourceTree = "<group>";
		};
		9AC16289277CA68E0054E931 /* App */ = {
			isa = PBXGroup;
			children = (
				9AC1625C277CA3420054E931 /* AfricaApp.swift */,
				9AC1625E277CA3420054E931 /* ContentView.swift */,
				9AC1628A277CA6C00054E931 /* VideoListView.swift */,
				9AC1628C277CA6CE0054E931 /* MapView.swift */,
				9AC1628E277CA6DB0054E931 /* GalleryView.swift */,
				9AC16290277CA6E50054E931 /* MainView.swift */,
			);
			path = App;
			sourceTree = "<group>";
		};
		9AC16292277CA81C0054E931 /* View */ = {
			isa = PBXGroup;
			children = (
				9AC16293277CA8280054E931 /* CoverImageView.swift */,
				9AC1629B277CAE480054E931 /* AnimalListItemView.swift */,
				9AC1629F277CB20F0054E931 /* AnimalDetailView.swift */,
				9AC162A1277CB3270054E931 /* HeadingView.swift */,
				9AC162A3277CB3C70054E931 /* InsetGalleryView.swift */,
				9AC162A5277CB57B0054E931 /* InsetFactView.swift */,
				9AC162A7277CB6B30054E931 /* InsetMapView.swift */,
				9AC162A9277CB8C60054E931 /* ExternalWeblinkView.swift */,
				9AC162AD277CCAB40054E931 /* VideoListItemView.swift */,
				9AC162AF277CCEB30054E931 /* VideoPlayerView.swift */,
				9AC162B6277CD54A0054E931 /* MapAnnotationView.swift */,
				9A2FB63C277DCC6100BB2885 /* MotionAnimationView.swift */,
				9AA8260D277FAC85001EE70E /* AnimalGridItemView.swift */,
			);
			path = View;
			sourceTree = "<group>";
		};
		9AC16295277CA9C30054E931 /* Model */ = {
			isa = PBXGroup;
			children = (
				9AC16296277CA9D40054E931 /* CoverImageModel.swift */,
				9AC1629D277CAF140054E931 /* AnimalModel.swift */,
				9AC162AB277CCA710054E931 /* VideoModel.swift */,
				9AC162B4277CD2F90054E931 /* LocationModel.swift */,
			);
			path = Model;
			sourceTree = "<group>";
		};
		9AC16298277CAB410054E931 /* Extension */ = {
			isa = PBXGroup;
			children = (
				9AC16299277CAB510054E931 /* CodableBundleExtension.swift */,
			);
			path = Extension;
			sourceTree = "<group>";
		};
		9AC162B1277CCF260054E931 /* Helper */ = {
			isa = PBXGroup;
			children = (
				9AC162B2277CCF340054E931 /* VideoPlayerHelper.swift */,
			);
			path = Helper;
			sourceTree = "<group>";
		};
/* End PBXGroup section */

/* Begin PBXNativeTarget section */
		9AC16258277CA3420054E931 /* Africa */ = {
			isa = PBXNativeTarget;
			buildConfigurationList = 9AC16267277CA3440054E931 /* Build configuration list for PBXNativeTarget "Africa" */;
			buildPhases = (
				9AC16255277CA3420054E931 /* Sources */,
				9AC16256277CA3420054E931 /* Frameworks */,
				9AC16257277CA3420054E931 /* Resources */,
			);
			buildRules = (
			);
			dependencies = (
			);
			name = Africa;
			productName = Africa;
			productReference = 9AC16259277CA3420054E931 /* Africa.app */;
			productType = "com.apple.product-type.application";
		};
/* End PBXNativeTarget section */

/* Begin PBXProject section */
		9AC16251277CA3420054E931 /* Project object */ = {
			isa = PBXProject;
			attributes = {
				BuildIndependentTargetsInParallel = 1;
				LastSwiftUpdateCheck = 1320;
				LastUpgradeCheck = 1320;
				TargetAttributes = {
					9AC16258277CA3420054E931 = {
						CreatedOnToolsVersion = 13.2.1;
					};
				};
			};
			buildConfigurationList = 9AC16254277CA3420054E931 /* Build configuration list for PBXProject "Africa" */;
			compatibilityVersion = "Xcode 13.0";
			developmentRegion = en;
			hasScannedForEncodings = 0;
			knownRegions = (
				en,
				Base,
			);
			mainGroup = 9AC16250277CA3420054E931;
			productRefGroup = 9AC1625A277CA3420054E931 /* Products */;
			projectDirPath = "";
			projectRoot = "";
			targets = (
				9AC16258277CA3420054E931 /* Africa */,
			);
		};
/* End PBXProject section */

/* Begin PBXResourcesBuildPhase section */
		9AC16257277CA3420054E931 /* Resources */ = {
			isa = PBXResourcesBuildPhase;
			buildActionMask = 2147483647;
			files = (
				9AC16286277CA5760054E931 /* animals.json in Resources */,
				9AC16284277CA5760054E931 /* locations.json in Resources */,
				9AC16277277CA53D0054E931 /* hippo.mp4 in Resources */,
				9AC1627B277CA53D0054E931 /* gorilla.mp4 in Resources */,
				9AC16285277CA5760054E931 /* videos.json in Resources */,
				9AC16287277CA5760054E931 /* covers.json in Resources */,
				9AC1627A277CA53D0054E931 /* lion.mp4 in Resources */,
				9AC16276277CA53D0054E931 /* elephant.mp4 in Resources */,
				9AC16278277CA53D0054E931 /* giraffe.mp4 in Resources */,
				9AC16275277CA53D0054E931 /* rhino.mp4 in Resources */,
				9AC16264277CA3440054E931 /* Preview Assets.xcassets in Resources */,
				9AC1627C277CA53D0054E931 /* lioness.mp4 in Resources */,
				9AC1627E277CA53D0054E931 /* cheetah.mp4 in Resources */,
				9AC16279277CA53D0054E931 /* zebra.mp4 in Resources */,
				9AC16261277CA3440054E931 /* Assets.xcassets in Resources */,
				9AC1627D277CA53D0054E931 /* ostrich.mp4 in Resources */,
			);
			runOnlyForDeploymentPostprocessing = 0;
		};
/* End PBXResourcesBuildPhase section */

/* Begin PBXSourcesBuildPhase section */
		9AC16255277CA3420054E931 /* Sources */ = {
			isa = PBXSourcesBuildPhase;
			buildActionMask = 2147483647;
			files = (
				9AC162AA277CB8C70054E931 /* ExternalWeblinkView.swift in Sources */,
				9AC1625F277CA3420054E931 /* ContentView.swift in Sources */,
				9AC1629C277CAE480054E931 /* AnimalListItemView.swift in Sources */,
				9AC16291277CA6E50054E931 /* MainView.swift in Sources */,
				9AC162A6277CB57B0054E931 /* InsetFactView.swift in Sources */,
				9AC16294277CA8280054E931 /* CoverImageView.swift in Sources */,
				9AC16297277CA9D40054E931 /* CoverImageModel.swift in Sources */,
				9AC162A0277CB20F0054E931 /* AnimalDetailView.swift in Sources */,
				9AC1629E277CAF140054E931 /* AnimalModel.swift in Sources */,
				9AC1628D277CA6CE0054E931 /* MapView.swift in Sources */,
				9AC162B3277CCF340054E931 /* VideoPlayerHelper.swift in Sources */,
				9AC162A8277CB6B30054E931 /* InsetMapView.swift in Sources */,
				9AC1625D277CA3420054E931 /* AfricaApp.swift in Sources */,
				9AC162B7277CD54A0054E931 /* MapAnnotationView.swift in Sources */,
				9AC1628B277CA6C00054E931 /* VideoListView.swift in Sources */,
				9AC162AC277CCA710054E931 /* VideoModel.swift in Sources */,
				9AC1628F277CA6DB0054E931 /* GalleryView.swift in Sources */,
				9AC162B5277CD2F90054E931 /* LocationModel.swift in Sources */,
				9AA8260E277FAC85001EE70E /* AnimalGridItemView.swift in Sources */,
				9AC162A4277CB3C70054E931 /* InsetGalleryView.swift in Sources */,
				9AC162AE277CCAB40054E931 /* VideoListItemView.swift in Sources */,
				9AC1629A277CAB510054E931 /* CodableBundleExtension.swift in Sources */,
				9A2FB63D277DCC6100BB2885 /* MotionAnimationView.swift in Sources */,
				9AC162A2277CB3270054E931 /* HeadingView.swift in Sources */,
				9AC162B0277CCEB30054E931 /* VideoPlayerView.swift in Sources */,
			);
			runOnlyForDeploymentPostprocessing = 0;
		};
/* End PBXSourcesBuildPhase section */

/* Begin XCBuildConfiguration section */
		9AC16265277CA3440054E931 /* Debug */ = {
			isa = XCBuildConfiguration;
			buildSettings = {
				ALWAYS_SEARCH_USER_PATHS = NO;
				CLANG_ANALYZER_NONNULL = YES;
				CLANG_ANALYZER_NUMBER_OBJECT_CONVERSION = YES_AGGRESSIVE;
				CLANG_CXX_LANGUAGE_STANDARD = "gnu++17";
				CLANG_CXX_LIBRARY = "libc++";
				CLANG_ENABLE_MODULES = YES;
				CLANG_ENABLE_OBJC_ARC = YES;
				CLANG_ENABLE_OBJC_WEAK = YES;
				CLANG_WARN_BLOCK_CAPTURE_AUTORELEASING = YES;
				CLANG_WARN_BOOL_CONVERSION = YES;
				CLANG_WARN_COMMA = YES;
				CLANG_WARN_CONSTANT_CONVERSION = YES;
				CLANG_WARN_DEPRECATED_OBJC_IMPLEMENTATIONS = YES;
				CLANG_WARN_DIRECT_OBJC_ISA_USAGE = YES_ERROR;
				CLANG_WARN_DOCUMENTATION_COMMENTS = YES;
				CLANG_WARN_EMPTY_BODY = YES;
				CLANG_WARN_ENUM_CONVERSION = YES;
				CLANG_WARN_INFINITE_RECURSION = YES;
				CLANG_WARN_INT_CONVERSION = YES;
				CLANG_WARN_NON_LITERAL_NULL_CONVERSION = YES;
				CLANG_WARN_OBJC_IMPLICIT_RETAIN_SELF = YES;
				CLANG_WARN_OBJC_LITERAL_CONVERSION = YES;
				CLANG_WARN_OBJC_ROOT_CLASS = YES_ERROR;
				CLANG_WARN_QUOTED_INCLUDE_IN_FRAMEWORK_HEADER = YES;
				CLANG_WARN_RANGE_LOOP_ANALYSIS = YES;
				CLANG_WARN_STRICT_PROTOTYPES = YES;
				CLANG_WARN_SUSPICIOUS_MOVE = YES;
				CLANG_WARN_UNGUARDED_AVAILABILITY = YES_AGGRESSIVE;
				CLANG_WARN_UNREACHABLE_CODE = YES;
				CLANG_WARN__DUPLICATE_METHOD_MATCH = YES;
				COPY_PHASE_STRIP = NO;
				DEBUG_INFORMATION_FORMAT = dwarf;
				ENABLE_STRICT_OBJC_MSGSEND = YES;
				ENABLE_TESTABILITY = YES;
				GCC_C_LANGUAGE_STANDARD = gnu11;
				GCC_DYNAMIC_NO_PIC = NO;
				GCC_NO_COMMON_BLOCKS = YES;
				GCC_OPTIMIZATION_LEVEL = 0;
				GCC_PREPROCESSOR_DEFINITIONS = (
					"DEBUG=1",
					"$(inherited)",
				);
				GCC_WARN_64_TO_32_BIT_CONVERSION = YES;
				GCC_WARN_ABOUT_RETURN_TYPE = YES_ERROR;
				GCC_WARN_UNDECLARED_SELECTOR = YES;
				GCC_WARN_UNINITIALIZED_AUTOS = YES_AGGRESSIVE;
				GCC_WARN_UNUSED_FUNCTION = YES;
				GCC_WARN_UNUSED_VARIABLE = YES;
				IPHONEOS_DEPLOYMENT_TARGET = 15.2;
				MTL_ENABLE_DEBUG_INFO = INCLUDE_SOURCE;
				MTL_FAST_MATH = YES;
				ONLY_ACTIVE_ARCH = YES;
				SDKROOT = iphoneos;
				SWIFT_ACTIVE_COMPILATION_CONDITIONS = DEBUG;
				SWIFT_OPTIMIZATION_LEVEL = "-Onone";
			};
			name = Debug;
		};
		9AC16266277CA3440054E931 /* Release */ = {
			isa = XCBuildConfiguration;
			buildSettings = {
				ALWAYS_SEARCH_USER_PATHS = NO;
				CLANG_ANALYZER_NONNULL = YES;
				CLANG_ANALYZER_NUMBER_OBJECT_CONVERSION = YES_AGGRESSIVE;
				CLANG_CXX_LANGUAGE_STANDARD = "gnu++17";
				CLANG_CXX_LIBRARY = "libc++";
				CLANG_ENABLE_MODULES = YES;
				CLANG_ENABLE_OBJC_ARC = YES;
				CLANG_ENABLE_OBJC_WEAK = YES;
				CLANG_WARN_BLOCK_CAPTURE_AUTORELEASING = YES;
				CLANG_WARN_BOOL_CONVERSION = YES;
				CLANG_WARN_COMMA = YES;
				CLANG_WARN_CONSTANT_CONVERSION = YES;
				CLANG_WARN_DEPRECATED_OBJC_IMPLEMENTATIONS = YES;
				CLANG_WARN_DIRECT_OBJC_ISA_USAGE = YES_ERROR;
				CLANG_WARN_DOCUMENTATION_COMMENTS = YES;
				CLANG_WARN_EMPTY_BODY = YES;
				CLANG_WARN_ENUM_CONVERSION = YES;
				CLANG_WARN_INFINITE_RECURSION = YES;
				CLANG_WARN_INT_CONVERSION = YES;
				CLANG_WARN_NON_LITERAL_NULL_CONVERSION = YES;
				CLANG_WARN_OBJC_IMPLICIT_RETAIN_SELF = YES;
				CLANG_WARN_OBJC_LITERAL_CONVERSION = YES;
				CLANG_WARN_OBJC_ROOT_CLASS = YES_ERROR;
				CLANG_WARN_QUOTED_INCLUDE_IN_FRAMEWORK_HEADER = YES;
				CLANG_WARN_RANGE_LOOP_ANALYSIS = YES;
				CLANG_WARN_STRICT_PROTOTYPES = YES;
				CLANG_WARN_SUSPICIOUS_MOVE = YES;
				CLANG_WARN_UNGUARDED_AVAILABILITY = YES_AGGRESSIVE;
				CLANG_WARN_UNREACHABLE_CODE = YES;
				CLANG_WARN__DUPLICATE_METHOD_MATCH = YES;
				COPY_PHASE_STRIP = NO;
				DEBUG_INFORMATION_FORMAT = "dwarf-with-dsym";
				ENABLE_NS_ASSERTIONS = NO;
				ENABLE_STRICT_OBJC_MSGSEND = YES;
				GCC_C_LANGUAGE_STANDARD = gnu11;
				GCC_NO_COMMON_BLOCKS = YES;
				GCC_WARN_64_TO_32_BIT_CONVERSION = YES;
				GCC_WARN_ABOUT_RETURN_TYPE = YES_ERROR;
				GCC_WARN_UNDECLARED_SELECTOR = YES;
				GCC_WARN_UNINITIALIZED_AUTOS = YES_AGGRESSIVE;
				GCC_WARN_UNUSED_FUNCTION = YES;
				GCC_WARN_UNUSED_VARIABLE = YES;
				IPHONEOS_DEPLOYMENT_TARGET = 15.2;
				MTL_ENABLE_DEBUG_INFO = NO;
				MTL_FAST_MATH = YES;
				SDKROOT = iphoneos;
				SWIFT_COMPILATION_MODE = wholemodule;
				SWIFT_OPTIMIZATION_LEVEL = "-O";
				VALIDATE_PRODUCT = YES;
			};
			name = Release;
		};
		9AC16268277CA3440054E931 /* Debug */ = {
			isa = XCBuildConfiguration;
			buildSettings = {
				ASSETCATALOG_COMPILER_APPICON_NAME = AppIcon;
				ASSETCATALOG_COMPILER_GLOBAL_ACCENT_COLOR_NAME = AccentColor;
				CODE_SIGN_STYLE = Automatic;
				CURRENT_PROJECT_VERSION = 1;
				DEVELOPMENT_ASSET_PATHS = "\"Africa/Preview Content\"";
				DEVELOPMENT_TEAM = 32GNF43U3H;
				ENABLE_PREVIEWS = YES;
				GENERATE_INFOPLIST_FILE = YES;
				INFOPLIST_FILE = Africa/Info.plist;
				INFOPLIST_KEY_UIApplicationSceneManifest_Generation = YES;
				INFOPLIST_KEY_UIApplicationSupportsIndirectInputEvents = YES;
				INFOPLIST_KEY_UISupportedInterfaceOrientations_iPad = "UIInterfaceOrientationPortrait UIInterfaceOrientationPortraitUpsideDown UIInterfaceOrientationLandscapeLeft UIInterfaceOrientationLandscapeRight";
				INFOPLIST_KEY_UISupportedInterfaceOrientations_iPhone = "UIInterfaceOrientationPortrait UIInterfaceOrientationLandscapeLeft UIInterfaceOrientationLandscapeRight";
				INFOPLIST_KEY_UIUserInterfaceStyle = Dark;
				LD_RUNPATH_SEARCH_PATHS = (
					"$(inherited)",
					"@executable_path/Frameworks",
				);
				MARKETING_VERSION = 1.0;
				PRODUCT_BUNDLE_IDENTIFIER = Trident.Africa;
				PRODUCT_NAME = "$(TARGET_NAME)";
				SWIFT_EMIT_LOC_STRINGS = YES;
				SWIFT_VERSION = 5.0;
				TARGETED_DEVICE_FAMILY = "1,2";
			};
			name = Debug;
		};
		9AC16269277CA3440054E931 /* Release */ = {
			isa = XCBuildConfiguration;
			buildSettings = {
				ASSETCATALOG_COMPILER_APPICON_NAME = AppIcon;
				ASSETCATALOG_COMPILER_GLOBAL_ACCENT_COLOR_NAME = AccentColor;
				CODE_SIGN_STYLE = Automatic;
				CURRENT_PROJECT_VERSION = 1;
				DEVELOPMENT_ASSET_PATHS = "\"Africa/Preview Content\"";
				DEVELOPMENT_TEAM = 32GNF43U3H;
				ENABLE_PREVIEWS = YES;
				GENERATE_INFOPLIST_FILE = YES;
				INFOPLIST_FILE = Africa/Info.plist;
				INFOPLIST_KEY_UIApplicationSceneManifest_Generation = YES;
				INFOPLIST_KEY_UIApplicationSupportsIndirectInputEvents = YES;
				INFOPLIST_KEY_UISupportedInterfaceOrientations_iPad = "UIInterfaceOrientationPortrait UIInterfaceOrientationPortraitUpsideDown UIInterfaceOrientationLandscapeLeft UIInterfaceOrientationLandscapeRight";
				INFOPLIST_KEY_UISupportedInterfaceOrientations_iPhone = "UIInterfaceOrientationPortrait UIInterfaceOrientationLandscapeLeft UIInterfaceOrientationLandscapeRight";
				INFOPLIST_KEY_UIUserInterfaceStyle = Dark;
				LD_RUNPATH_SEARCH_PATHS = (
					"$(inherited)",
					"@executable_path/Frameworks",
				);
				MARKETING_VERSION = 1.0;
				PRODUCT_BUNDLE_IDENTIFIER = Trident.Africa;
				PRODUCT_NAME = "$(TARGET_NAME)";
				SWIFT_EMIT_LOC_STRINGS = YES;
				SWIFT_VERSION = 5.0;
				TARGETED_DEVICE_FAMILY = "1,2";
			};
			name = Release;
		};
/* End XCBuildConfiguration section */

/* Begin XCConfigurationList section */
		9AC16254277CA3420054E931 /* Build configuration list for PBXProject "Africa" */ = {
			isa = XCConfigurationList;
			buildConfigurations = (
				9AC16265277CA3440054E931 /* Debug */,
				9AC16266277CA3440054E931 /* Release */,
			);
			defaultConfigurationIsVisible = 0;
			defaultConfigurationName = Release;
		};
		9AC16267277CA3440054E931 /* Build configuration list for PBXNativeTarget "Africa" */ = {
			isa = XCConfigurationList;
			buildConfigurations = (
				9AC16268277CA3440054E931 /* Debug */,
				9AC16269277CA3440054E931 /* Release */,
			);
			defaultConfigurationIsVisible = 0;
			defaultConfigurationName = Release;
		};
/* End XCConfigurationList section */
	};
	rootObject = 9AC16251277CA3420054E931 /* Project object */;
}
